
Microsoft Visual Studio Solution File, Format Version 12.00
# Visual Studio Version 16
VisualStudioVersion = 16.0.29409.12
MinimumVisualStudioVersion = 10.0.40219.1
Project("{FAE04EC0-301F-11D3-BF4B-00C04F79EFBC}") = "AddIntsExercise", "AddIntsExercise\AddIntsExercise.csproj", "{858A2CD4-A6FA-4710-AC78-71497052C663}"
EndProject
Global
	GlobalSection(SolutionConfigurationPlatforms) = preSolution
		Debug|Any CPU = Debug|Any CPU
		Release|Any CPU = Release|Any CPU
	EndGlobalSection
	GlobalSection(ProjectConfigurationPlatforms) = postSolution
		{858A2CD4-A6FA-4710-AC78-71497052C663}.Debug|Any CPU.ActiveCfg = Debug|Any CPU
		{858A2CD4-A6FA-4710-AC78-71497052C663}.Debug|Any CPU.Build.0 = Debug|Any CPU
		{858A2CD4-A6FA-4710-AC78-71497052C663}.Release|Any CPU.ActiveCfg = Release|Any CPU
		{858A2CD4-A6FA-4710-AC78-71497052C663}.Release|Any CPU.Build.0 = Release|Any CPU
	EndGlobalSection
	GlobalSection(SolutionProperties) = preSolution
		HideSolutionNode = FALSE
	EndGlobalSection
	GlobalSection(ExtensibilityGlobals) = postSolution
		SolutionGuid = {1EAF5AEE-6FEE-4E19-9D8D-B8DE005C2FDB}
	EndGlobalSection
EndGlobal
