
Microsoft Visual Studio Solution File, Format Version 12.00
# Visual Studio Version 16
VisualStudioVersion = 16.0.29326.143
MinimumVisualStudioVersion = 10.0.40219.1
Project("{FAE04EC0-301F-11D3-BF4B-00C04F79EFBC}") = "DieRolling", "DieRolling\DieRolling.csproj", "{84154C75-F7FD-45D8-9FDB-0217AE37BFF5}"
EndProject
Global
	GlobalSection(SolutionConfigurationPlatforms) = preSolution
		Debug|Any CPU = Debug|Any CPU
		Release|Any CPU = Release|Any CPU
	EndGlobalSection
	GlobalSection(ProjectConfigurationPlatforms) = postSolution
		{84154C75-F7FD-45D8-9FDB-0217AE37BFF5}.Debug|Any CPU.ActiveCfg = Debug|Any CPU
		{84154C75-F7FD-45D8-9FDB-0217AE37BFF5}.Debug|Any CPU.Build.0 = Debug|Any CPU
		{84154C75-F7FD-45D8-9FDB-0217AE37BFF5}.Release|Any CPU.ActiveCfg = Release|Any CPU
		{84154C75-F7FD-45D8-9FDB-0217AE37BFF5}.Release|Any CPU.Build.0 = Release|Any CPU
	EndGlobalSection
	GlobalSection(SolutionProperties) = preSolution
		HideSolutionNode = FALSE
	EndGlobalSection
	GlobalSection(ExtensibilityGlobals) = postSolution
		SolutionGuid = {97AA2E1B-D0E3-4492-BB5A-392589967A0D}
	EndGlobalSection
EndGlobal
